PODS:
  - AFNetworking (3.2.1):
    - AFNetworking/NSURLSession (= 3.2.1)
    - AFNetworking/Reachability (= 3.2.1)
    - AFNetworking/Security (= 3.2.1)
    - AFNetworking/Serialization (= 3.2.1)
    - AFNetworking/UIKit (= 3.2.1)
  - AFNetworking/NSURLSession (3.2.1):
    - AFNetworking/Reachability
    - AFNetworking/Security
    - AFNetworking/Serialization
  - AFNetworking/Reachability (3.2.1)
  - AFNetworking/Security (3.2.1)
  - AFNetworking/Serialization (3.2.1)
  - AFNetworking/UIKit (3.2.1):
    - AFNetworking/NSURLSession
  - AMap3DMap (7.1.0):
    - AMapFoundation (~> 1.5)
  - AMapFoundation (1.6.0)
  - AMapLocation (2.6.3):
    - AMapFoundation (~> 1.4)
  - AMapNavi (7.1.0):
    - AMap3DMap (~> 7.0)
    - AMapFoundation (~> 1.5)
  - AMapSearch (7.1.0):
    - AMapFoundation (~> 1.4)
  - DZNEmptyDataSet (1.8.1)
  - FDFullscreenPopGesture (1.1)
  - IQKeyboardManager (6.5.3)
  - JXCategoryView (1.5.2)
  - Masonry (1.1.0)
  - MJRefresh (3.2.0)
  - SDCycleScrollView (1.80):
    - SDWebImage (>= 5.0.0)
  - SDWebImage (5.2.5):
    - SDWebImage/Core (= 5.2.5)
  - SDWebImage/Core (5.2.5)
  - SVProgressHUD (2.2.5)
  - YYKit (1.0.9):
    - YYKit/no-arc (= 1.0.9)
  - YYKit/no-arc (1.0.9)

DEPENDENCIES:
  - AFNetworking (~> 3.2.1)
  - AMapLocation
  - AMapNavi
  - AMapSearch
  - DZNEmptyDataSet (~> 1.8.1)
  - FDFullscreenPopGesture (~> 1.1)
  - IQKeyboardManager (~> 6.5.0)
  - JXCategoryView (~> 1.5.2)
  - Masonry (~> 1.1.0)
  - MJRefresh (~> 3.2.0)
  - SDCycleScrollView (~> 1.80)
  - SDWebImage (~> 5.2.3)
  - SVProgressHUD (~> 2.2.5)
  - YYKit (~> 1.0.9)

SPEC REPOS:
  https://github.com/CocoaPods/Specs.git:
    - AFNetworking
    - AMap3DMap
    - AMapFoundation
    - AMapLocation
    - AMapNavi
    - AMapSearch
    - DZNEmptyDataSet
    - FDFullscreenPopGesture
    - IQKeyboardManager
    - JXCategoryView
    - Masonry
    - MJRefresh
    - SDCycleScrollView
    - SDWebImage
    - SVProgressHUD
    - YYKit

SPEC CHECKSUMS:
  AFNetworking: b6f891fdfaed196b46c7a83cf209e09697b94057
  AMap3DMap: ef26e2fb120ae9f1635b4b26b28df6d1379a05f0
  AMapFoundation: bc2f6e077b9279942734ba55f9624222fcf42848
  AMapLocation: dc2c4fde95d72087d73934338160fadc72104bb7
  AMapNavi: 28a5c56377342428a7381ac6abab286ff33c6251
  AMapSearch: 6bd6d361c5eb00110e0bffa4acf88b7bb9f7e059
  DZNEmptyDataSet: 9525833b9e68ac21c30253e1d3d7076cc828eaa7
  FDFullscreenPopGesture: a8a620179e3d9c40e8e00256dcee1c1a27c6d0f0
  IQKeyboardManager: c2f901164d56807a35788483584d09fa69192e8e
  JXCategoryView: b284d35a7a8772eada05dd78642233e1eb763ea8
  Masonry: 678fab65091a9290e40e2832a55e7ab731aad201
  MJRefresh: ed450d6eb9d3346a2cb033ab7eb6de090aeef437
  SDCycleScrollView: b3c9a5ed840c771c4938978174c7c9d9feefeb96
  SDWebImage: 4eabf2fa6695c95c47724214417a9c036c965e4a
  SVProgressHUD: 1428aafac632c1f86f62aa4243ec12008d7a51d6
  YYKit: 7cda43304a8dc3696c449041e2cb3107b4e236e7

PODFILE CHECKSUM: 80d6e1a1922cc9b6de2ba3f19fef7c01b0a729ab

COCOAPODS: 1.8.4
